
Microsoft Visual Studio Solution File, Format Version 12.00
# Visual Studio Version 17
VisualStudioVersion = 17.0.31903.59
MinimumVisualStudioVersion = 10.0.40219.1
Project("{2150E333-8FDC-42A3-9474-1A3956D46DE8}") = "src", "src", "{7CF3E441-DAEA-4B8F-AE64-312136F2692F}"
EndProject
Project("{FAE04EC0-301F-11D3-BF4B-00C04F79EFBC}") = "AgencyPlatform.API", "src\AgencyPlatform.API\AgencyPlatform.API.csproj", "{E2B49817-E4A0-4547-95EE-14D811404D71}"
EndProject
Project("{FAE04EC0-301F-11D3-BF4B-00C04F79EFBC}") = "AgencyPlatform.Core", "src\AgencyPlatform.Core\AgencyPlatform.Core.csproj", "{F3DF7F87-6A2F-4F98-A809-7129374DFC88}"
EndProject
Project("{FAE04EC0-301F-11D3-BF4B-00C04F79EFBC}") = "AgencyPlatform.Application", "src\AgencyPlatform.Application\AgencyPlatform.Application.csproj", "{CA7FE3D1-145D-42B9-8CDC-D2616D9501D1}"
EndProject
Project("{FAE04EC0-301F-11D3-BF4B-00C04F79EFBC}") = "AgencyPlatform.Infrastructure", "src\AgencyPlatform.Infrastructure\AgencyPlatform.Infrastructure.csproj", "{9D139D3A-E38E-4D67-8AA4-528E872E1AF6}"
EndProject
Project("{FAE04EC0-301F-11D3-BF4B-00C04F79EFBC}") = "AgencyPlatform.Shared", "src\AgencyPlatform.Shared\AgencyPlatform.Shared.csproj", "{BFA00BB2-9319-4116-8A0E-9E9227BD6061}"
EndProject
Global
	GlobalSection(SolutionConfigurationPlatforms) = preSolution
		Debug|Any CPU = Debug|Any CPU
		Release|Any CPU = Release|Any CPU
	EndGlobalSection
	GlobalSection(SolutionProperties) = preSolution
		HideSolutionNode = FALSE
	EndGlobalSection
	GlobalSection(ProjectConfigurationPlatforms) = postSolution
		{E2B49817-E4A0-4547-95EE-14D811404D71}.Debug|Any CPU.ActiveCfg = Debug|Any CPU
		{E2B49817-E4A0-4547-95EE-14D811404D71}.Debug|Any CPU.Build.0 = Debug|Any CPU
		{E2B49817-E4A0-4547-95EE-14D811404D71}.Release|Any CPU.ActiveCfg = Release|Any CPU
		{E2B49817-E4A0-4547-95EE-14D811404D71}.Release|Any CPU.Build.0 = Release|Any CPU
		{F3DF7F87-6A2F-4F98-A809-7129374DFC88}.Debug|Any CPU.ActiveCfg = Debug|Any CPU
		{F3DF7F87-6A2F-4F98-A809-7129374DFC88}.Debug|Any CPU.Build.0 = Debug|Any CPU
		{F3DF7F87-6A2F-4F98-A809-7129374DFC88}.Release|Any CPU.ActiveCfg = Release|Any CPU
		{F3DF7F87-6A2F-4F98-A809-7129374DFC88}.Release|Any CPU.Build.0 = Release|Any CPU
		{CA7FE3D1-145D-42B9-8CDC-D2616D9501D1}.Debug|Any CPU.ActiveCfg = Debug|Any CPU
		{CA7FE3D1-145D-42B9-8CDC-D2616D9501D1}.Debug|Any CPU.Build.0 = Debug|Any CPU
		{CA7FE3D1-145D-42B9-8CDC-D2616D9501D1}.Release|Any CPU.ActiveCfg = Release|Any CPU
		{CA7FE3D1-145D-42B9-8CDC-D2616D9501D1}.Release|Any CPU.Build.0 = Release|Any CPU
		{9D139D3A-E38E-4D67-8AA4-528E872E1AF6}.Debug|Any CPU.ActiveCfg = Debug|Any CPU
		{9D139D3A-E38E-4D67-8AA4-528E872E1AF6}.Debug|Any CPU.Build.0 = Debug|Any CPU
		{9D139D3A-E38E-4D67-8AA4-528E872E1AF6}.Release|Any CPU.ActiveCfg = Release|Any CPU
		{9D139D3A-E38E-4D67-8AA4-528E872E1AF6}.Release|Any CPU.Build.0 = Release|Any CPU
		{BFA00BB2-9319-4116-8A0E-9E9227BD6061}.Debug|Any CPU.ActiveCfg = Debug|Any CPU
		{BFA00BB2-9319-4116-8A0E-9E9227BD6061}.Debug|Any CPU.Build.0 = Debug|Any CPU
		{BFA00BB2-9319-4116-8A0E-9E9227BD6061}.Release|Any CPU.ActiveCfg = Release|Any CPU
		{BFA00BB2-9319-4116-8A0E-9E9227BD6061}.Release|Any CPU.Build.0 = Release|Any CPU
	EndGlobalSection
	GlobalSection(NestedProjects) = preSolution
		{E2B49817-E4A0-4547-95EE-14D811404D71} = {7CF3E441-DAEA-4B8F-AE64-312136F2692F}
		{F3DF7F87-6A2F-4F98-A809-7129374DFC88} = {7CF3E441-DAEA-4B8F-AE64-312136F2692F}
		{CA7FE3D1-145D-42B9-8CDC-D2616D9501D1} = {7CF3E441-DAEA-4B8F-AE64-312136F2692F}
		{9D139D3A-E38E-4D67-8AA4-528E872E1AF6} = {7CF3E441-DAEA-4B8F-AE64-312136F2692F}
		{BFA00BB2-9319-4116-8A0E-9E9227BD6061} = {7CF3E441-DAEA-4B8F-AE64-312136F2692F}
	EndGlobalSection
EndGlobal
